
Microsoft Visual Studio Solution File, Format Version 12.00
# Visual Studio 15
VisualStudioVersion = 15.0.26730.15
MinimumVisualStudioVersion = 10.0.40219.1
Project("{8BC9CEB8-8B4A-11D0-8D11-00A0C91BC942}") = "CS 2C Lab6", "CS 2C Lab6\CS 2C Lab6.vcxproj", "{C130F32D-F168-4312-80BC-77F3C19A13D0}"
EndProject
Global
	GlobalSection(SolutionConfigurationPlatforms) = preSolution
		Debug|x64 = Debug|x64
		Debug|x86 = Debug|x86
		Release|x64 = Release|x64
		Release|x86 = Release|x86
	EndGlobalSection
	GlobalSection(ProjectConfigurationPlatforms) = postSolution
		{C130F32D-F168-4312-80BC-77F3C19A13D0}.Debug|x64.ActiveCfg = Debug|x64
		{C130F32D-F168-4312-80BC-77F3C19A13D0}.Debug|x64.Build.0 = Debug|x64
		{C130F32D-F168-4312-80BC-77F3C19A13D0}.Debug|x86.ActiveCfg = Debug|Win32
		{C130F32D-F168-4312-80BC-77F3C19A13D0}.Debug|x86.Build.0 = Debug|Win32
		{C130F32D-F168-4312-80BC-77F3C19A13D0}.Release|x64.ActiveCfg = Release|x64
		{C130F32D-F168-4312-80BC-77F3C19A13D0}.Release|x64.Build.0 = Release|x64
		{C130F32D-F168-4312-80BC-77F3C19A13D0}.Release|x86.ActiveCfg = Release|Win32
		{C130F32D-F168-4312-80BC-77F3C19A13D0}.Release|x86.Build.0 = Release|Win32
	EndGlobalSection
	GlobalSection(SolutionProperties) = preSolution
		HideSolutionNode = FALSE
	EndGlobalSection
	GlobalSection(ExtensibilityGlobals) = postSolution
		SolutionGuid = {09C12166-83E1-41D9-AA6C-1EEF65304808}
	EndGlobalSection
EndGlobal
